
Microsoft Visual Studio Solution File, Format Version 12.00
# Visual Studio 2012
Project("{FAE04EC0-301F-11D3-BF4B-00C04F79EFBC}") = "Clase9Herencia", "Lavadero\Clase9Herencia.csproj", "{CF6E3D2F-3046-46D9-8E78-4155B1365B38}"
EndProject
Project("{FAE04EC0-301F-11D3-BF4B-00C04F79EFBC}") = "ConsolaTest", "ConsolaTest\ConsolaTest.csproj", "{84738187-1B6B-496E-B900-2F3946EC8A0B}"
EndProject
Global
	GlobalSection(SolutionConfigurationPlatforms) = preSolution
		Debug|Any CPU = Debug|Any CPU
		Release|Any CPU = Release|Any CPU
	EndGlobalSection
	GlobalSection(ProjectConfigurationPlatforms) = postSolution
		{CF6E3D2F-3046-46D9-8E78-4155B1365B38}.Debug|Any CPU.ActiveCfg = Debug|Any CPU
		{CF6E3D2F-3046-46D9-8E78-4155B1365B38}.Debug|Any CPU.Build.0 = Debug|Any CPU
		{CF6E3D2F-3046-46D9-8E78-4155B1365B38}.Release|Any CPU.ActiveCfg = Release|Any CPU
		{CF6E3D2F-3046-46D9-8E78-4155B1365B38}.Release|Any CPU.Build.0 = Release|Any CPU
		{84738187-1B6B-496E-B900-2F3946EC8A0B}.Debug|Any CPU.ActiveCfg = Debug|Any CPU
		{84738187-1B6B-496E-B900-2F3946EC8A0B}.Debug|Any CPU.Build.0 = Debug|Any CPU
		{84738187-1B6B-496E-B900-2F3946EC8A0B}.Release|Any CPU.ActiveCfg = Release|Any CPU
		{84738187-1B6B-496E-B900-2F3946EC8A0B}.Release|Any CPU.Build.0 = Release|Any CPU
	EndGlobalSection
	GlobalSection(SolutionProperties) = preSolution
		HideSolutionNode = FALSE
	EndGlobalSection
EndGlobal
