
Microsoft Visual Studio Solution File, Format Version 12.00
# Visual Studio 2012
Project("{FAE04EC0-301F-11D3-BF4B-00C04F79EFBC}") = "ClassLibrary1", "ClassLibrary1\ClassLibrary1.csproj", "{5424C6ED-3D1A-47BA-9B15-D581F2B55DDE}"
EndProject
Project("{FAE04EC0-301F-11D3-BF4B-00C04F79EFBC}") = "ConsoleApplication1", "ConsoleApplication1\ConsoleApplication1.csproj", "{7A5B047D-F831-49EE-A3AF-BE590519C9FA}"
EndProject
Project("{FAE04EC0-301F-11D3-BF4B-00C04F79EFBC}") = "CosaForms", "CosaForms\CosaForms.csproj", "{C2D9DC81-F1CE-465D-B64E-389B20D45128}"
EndProject
Global
	GlobalSection(SolutionConfigurationPlatforms) = preSolution
		Debug|Any CPU = Debug|Any CPU
		Release|Any CPU = Release|Any CPU
	EndGlobalSection
	GlobalSection(ProjectConfigurationPlatforms) = postSolution
		{5424C6ED-3D1A-47BA-9B15-D581F2B55DDE}.Debug|Any CPU.ActiveCfg = Debug|Any CPU
		{5424C6ED-3D1A-47BA-9B15-D581F2B55DDE}.Debug|Any CPU.Build.0 = Debug|Any CPU
		{5424C6ED-3D1A-47BA-9B15-D581F2B55DDE}.Release|Any CPU.ActiveCfg = Release|Any CPU
		{5424C6ED-3D1A-47BA-9B15-D581F2B55DDE}.Release|Any CPU.Build.0 = Release|Any CPU
		{7A5B047D-F831-49EE-A3AF-BE590519C9FA}.Debug|Any CPU.ActiveCfg = Debug|Any CPU
		{7A5B047D-F831-49EE-A3AF-BE590519C9FA}.Debug|Any CPU.Build.0 = Debug|Any CPU
		{7A5B047D-F831-49EE-A3AF-BE590519C9FA}.Release|Any CPU.ActiveCfg = Release|Any CPU
		{7A5B047D-F831-49EE-A3AF-BE590519C9FA}.Release|Any CPU.Build.0 = Release|Any CPU
		{C2D9DC81-F1CE-465D-B64E-389B20D45128}.Debug|Any CPU.ActiveCfg = Debug|Any CPU
		{C2D9DC81-F1CE-465D-B64E-389B20D45128}.Debug|Any CPU.Build.0 = Debug|Any CPU
		{C2D9DC81-F1CE-465D-B64E-389B20D45128}.Release|Any CPU.ActiveCfg = Release|Any CPU
		{C2D9DC81-F1CE-465D-B64E-389B20D45128}.Release|Any CPU.Build.0 = Release|Any CPU
	EndGlobalSection
	GlobalSection(SolutionProperties) = preSolution
		HideSolutionNode = FALSE
	EndGlobalSection
EndGlobal
