
Microsoft Visual Studio Solution File, Format Version 12.00
# Visual Studio 2012
Project("{FAE04EC0-301F-11D3-BF4B-00C04F79EFBC}") = "Entidades", "Entidades\Entidades.csproj", "{934876DF-C0A0-4CD3-8470-9D0E82BD5001}"
EndProject
Project("{FAE04EC0-301F-11D3-BF4B-00C04F79EFBC}") = "TestTinta", "TestTinta\TestTinta.csproj", "{8F9A5DFE-7510-4BFD-9707-358E0AB914C0}"
EndProject
Global
	GlobalSection(SolutionConfigurationPlatforms) = preSolution
		Debug|Any CPU = Debug|Any CPU
		Release|Any CPU = Release|Any CPU
	EndGlobalSection
	GlobalSection(ProjectConfigurationPlatforms) = postSolution
		{934876DF-C0A0-4CD3-8470-9D0E82BD5001}.Debug|Any CPU.ActiveCfg = Debug|Any CPU
		{934876DF-C0A0-4CD3-8470-9D0E82BD5001}.Debug|Any CPU.Build.0 = Debug|Any CPU
		{934876DF-C0A0-4CD3-8470-9D0E82BD5001}.Release|Any CPU.ActiveCfg = Release|Any CPU
		{934876DF-C0A0-4CD3-8470-9D0E82BD5001}.Release|Any CPU.Build.0 = Release|Any CPU
		{8F9A5DFE-7510-4BFD-9707-358E0AB914C0}.Debug|Any CPU.ActiveCfg = Debug|Any CPU
		{8F9A5DFE-7510-4BFD-9707-358E0AB914C0}.Debug|Any CPU.Build.0 = Debug|Any CPU
		{8F9A5DFE-7510-4BFD-9707-358E0AB914C0}.Release|Any CPU.ActiveCfg = Release|Any CPU
		{8F9A5DFE-7510-4BFD-9707-358E0AB914C0}.Release|Any CPU.Build.0 = Release|Any CPU
	EndGlobalSection
	GlobalSection(SolutionProperties) = preSolution
		HideSolutionNode = FALSE
	EndGlobalSection
EndGlobal
